// !$*UTF8*$!
{
	archiveVersion = 1;
	classes = {
	};
	objectVersion = 50;
	objects = {

/* Begin PBXBuildFile section */
		02210B7420D11EA200A60B3B /* UITableView+Reusable.swift in Sources */ = {isa = PBXBuildFile; fileRef = 02210B7220D11EA200A60B3B /* UITableView+Reusable.swift */; };
		02210B7520D11EA200A60B3B /* UIView+NSLayoutAnchor.swift in Sources */ = {isa = PBXBuildFile; fileRef = 02210B7320D11EA200A60B3B /* UIView+NSLayoutAnchor.swift */; };
		02210B7720D11EB800A60B3B /* UIView+Extension.swift in Sources */ = {isa = PBXBuildFile; fileRef = 02210B7620D11EB800A60B3B /* UIView+Extension.swift */; };
		02D9DDAB20CF6AAF00734908 /* AppDelegate.swift in Sources */ = {isa = PBXBuildFile; fileRef = 02D9DDAA20CF6AAF00734908 /* AppDelegate.swift */; };
		02D9DDAD20CF6AAF00734908 /* ViewController.swift in Sources */ = {isa = PBXBuildFile; fileRef = 02D9DDAC20CF6AAF00734908 /* ViewController.swift */; };
		02D9DDB020CF6AAF00734908 /* Main.storyboard in Resources */ = {isa = PBXBuildFile; fileRef = 02D9DDAE20CF6AAF00734908 /* Main.storyboard */; };
		02D9DDB220CF6AB000734908 /* Assets.xcassets in Resources */ = {isa = PBXBuildFile; fileRef = 02D9DDB120CF6AB000734908 /* Assets.xcassets */; };
		02D9DDB520CF6AB000734908 /* LaunchScreen.storyboard in Resources */ = {isa = PBXBuildFile; fileRef = 02D9DDB320CF6AB000734908 /* LaunchScreen.storyboard */; };
		02D9DDC520CF6ADB00734908 /* ExtKit.h in Headers */ = {isa = PBXBuildFile; fileRef = 02D9DDC320CF6ADB00734908 /* ExtKit.h */; settings = {ATTRIBUTES = (Public, ); }; };
		02D9DDC820CF6ADB00734908 /* ExtKit.framework in Frameworks */ = {isa = PBXBuildFile; fileRef = 02D9DDC120CF6ADB00734908 /* ExtKit.framework */; };
		02D9DDC920CF6ADB00734908 /* ExtKit.framework in Embed Frameworks */ = {isa = PBXBuildFile; fileRef = 02D9DDC120CF6ADB00734908 /* ExtKit.framework */; settings = {ATTRIBUTES = (CodeSignOnCopy, RemoveHeadersOnCopy, ); }; };
		02D9DDD120CF6B8400734908 /* Nibable.swift in Sources */ = {isa = PBXBuildFile; fileRef = 02D9DDD020CF6B8400734908 /* Nibable.swift */; };
		02D9DDD320CF6C1900734908 /* SubView.xib in Resources */ = {isa = PBXBuildFile; fileRef = 02D9DDD220CF6C1900734908 /* SubView.xib */; };
		02D9DDD520CF6C8B00734908 /* SubView.swift in Sources */ = {isa = PBXBuildFile; fileRef = 02D9DDD420CF6C8B00734908 /* SubView.swift */; };
		02D9DDD720CF727600734908 /* SecondViewController.swift in Sources */ = {isa = PBXBuildFile; fileRef = 02D9DDD620CF727600734908 /* SecondViewController.swift */; };
		02D9DDE120CF7BF700734908 /* Defaults.swift in Sources */ = {isa = PBXBuildFile; fileRef = 02D9DDE020CF7BF700734908 /* Defaults.swift */; };
/* End PBXBuildFile section */

/* Begin PBXContainerItemProxy section */
		02D9DDC620CF6ADB00734908 /* PBXContainerItemProxy */ = {
			isa = PBXContainerItemProxy;
			containerPortal = 02D9DD9F20CF6AAF00734908 /* Project object */;
			proxyType = 1;
			remoteGlobalIDString = 02D9DDC020CF6ADB00734908;
			remoteInfo = ExtKit;
		};
/* End PBXContainerItemProxy section */

/* Begin PBXCopyFilesBuildPhase section */
		02D9DDCD20CF6ADB00734908 /* Embed Frameworks */ = {
			isa = PBXCopyFilesBuildPhase;
			buildActionMask = 2147483647;
			dstPath = "";
			dstSubfolderSpec = 10;
			files = (
				02D9DDC920CF6ADB00734908 /* ExtKit.framework in Embed Frameworks */,
			);
			name = "Embed Frameworks";
			runOnlyForDeploymentPostprocessing = 0;
		};
/* End PBXCopyFilesBuildPhase section */

/* Begin PBXFileReference section */
		02210B7220D11EA200A60B3B /* UITableView+Reusable.swift */ = {isa = PBXFileReference; fileEncoding = 4; lastKnownFileType = sourcecode.swift; path = "UITableView+Reusable.swift"; sourceTree = "<group>"; };
		02210B7320D11EA200A60B3B /* UIView+NSLayoutAnchor.swift */ = {isa = PBXFileReference; fileEncoding = 4; lastKnownFileType = sourcecode.swift; path = "UIView+NSLayoutAnchor.swift"; sourceTree = "<group>"; };
		02210B7620D11EB800A60B3B /* UIView+Extension.swift */ = {isa = PBXFileReference; lastKnownFileType = sourcecode.swift; path = "UIView+Extension.swift"; sourceTree = "<group>"; };
		02D9DDA720CF6AAF00734908 /* ExtensionKitDemo.app */ = {isa = PBXFileReference; explicitFileType = wrapper.application; includeInIndex = 0; path = ExtensionKitDemo.app; sourceTree = BUILT_PRODUCTS_DIR; };
		02D9DDAA20CF6AAF00734908 /* AppDelegate.swift */ = {isa = PBXFileReference; lastKnownFileType = sourcecode.swift; path = AppDelegate.swift; sourceTree = "<group>"; };
		02D9DDAC20CF6AAF00734908 /* ViewController.swift */ = {isa = PBXFileReference; lastKnownFileType = sourcecode.swift; path = ViewController.swift; sourceTree = "<group>"; };
		02D9DDAF20CF6AAF00734908 /* Base */ = {isa = PBXFileReference; lastKnownFileType = file.storyboard; name = Base; path = Base.lproj/Main.storyboard; sourceTree = "<group>"; };
		02D9DDB120CF6AB000734908 /* Assets.xcassets */ = {isa = PBXFileReference; lastKnownFileType = folder.assetcatalog; path = Assets.xcassets; sourceTree = "<group>"; };
		02D9DDB420CF6AB000734908 /* Base */ = {isa = PBXFileReference; lastKnownFileType = file.storyboard; name = Base; path = Base.lproj/LaunchScreen.storyboard; sourceTree = "<group>"; };
		02D9DDB620CF6AB000734908 /* Info.plist */ = {isa = PBXFileReference; lastKnownFileType = text.plist.xml; path = Info.plist; sourceTree = "<group>"; };
		02D9DDC120CF6ADB00734908 /* ExtKit.framework */ = {isa = PBXFileReference; explicitFileType = wrapper.framework; includeInIndex = 0; path = ExtKit.framework; sourceTree = BUILT_PRODUCTS_DIR; };
		02D9DDC320CF6ADB00734908 /* ExtKit.h */ = {isa = PBXFileReference; lastKnownFileType = sourcecode.c.h; path = ExtKit.h; sourceTree = "<group>"; };
		02D9DDC420CF6ADB00734908 /* Info.plist */ = {isa = PBXFileReference; lastKnownFileType = text.plist.xml; path = Info.plist; sourceTree = "<group>"; };
		02D9DDD020CF6B8400734908 /* Nibable.swift */ = {isa = PBXFileReference; lastKnownFileType = sourcecode.swift; path = Nibable.swift; sourceTree = "<group>"; };
		02D9DDD220CF6C1900734908 /* SubView.xib */ = {isa = PBXFileReference; lastKnownFileType = file.xib; path = SubView.xib; sourceTree = "<group>"; };
		02D9DDD420CF6C8B00734908 /* SubView.swift */ = {isa = PBXFileReference; lastKnownFileType = sourcecode.swift; path = SubView.swift; sourceTree = "<group>"; };
		02D9DDD620CF727600734908 /* SecondViewController.swift */ = {isa = PBXFileReference; lastKnownFileType = sourcecode.swift; path = SecondViewController.swift; sourceTree = "<group>"; };
		02D9DDE020CF7BF700734908 /* Defaults.swift */ = {isa = PBXFileReference; lastKnownFileType = sourcecode.swift; path = Defaults.swift; sourceTree = "<group>"; };
/* End PBXFileReference section */

/* Begin PBXFrameworksBuildPhase section */
		02D9DDA420CF6AAF00734908 /* Frameworks */ = {
			isa = PBXFrameworksBuildPhase;
			buildActionMask = 2147483647;
			files = (
				02D9DDC820CF6ADB00734908 /* ExtKit.framework in Frameworks */,
			);
			runOnlyForDeploymentPostprocessing = 0;
		};
		02D9DDBD20CF6ADB00734908 /* Frameworks */ = {
			isa = PBXFrameworksBuildPhase;
			buildActionMask = 2147483647;
			files = (
			);
			runOnlyForDeploymentPostprocessing = 0;
		};
/* End PBXFrameworksBuildPhase section */

/* Begin PBXGroup section */
		02D9DD9E20CF6AAF00734908 = {
			isa = PBXGroup;
			children = (
				02D9DDA920CF6AAF00734908 /* ExtensionKitDemo */,
				02D9DDC220CF6ADB00734908 /* ExtKit */,
				02D9DDA820CF6AAF00734908 /* Products */,
			);
			sourceTree = "<group>";
		};
		02D9DDA820CF6AAF00734908 /* Products */ = {
			isa = PBXGroup;
			children = (
				02D9DDA720CF6AAF00734908 /* ExtensionKitDemo.app */,
				02D9DDC120CF6ADB00734908 /* ExtKit.framework */,
			);
			name = Products;
			sourceTree = "<group>";
		};
		02D9DDA920CF6AAF00734908 /* ExtensionKitDemo */ = {
			isa = PBXGroup;
			children = (
				02D9DDAA20CF6AAF00734908 /* AppDelegate.swift */,
				02D9DDAC20CF6AAF00734908 /* ViewController.swift */,
				02D9DDD620CF727600734908 /* SecondViewController.swift */,
				02D9DDD420CF6C8B00734908 /* SubView.swift */,
				02D9DDD220CF6C1900734908 /* SubView.xib */,
				02D9DDAE20CF6AAF00734908 /* Main.storyboard */,
				02D9DDB120CF6AB000734908 /* Assets.xcassets */,
				02D9DDB320CF6AB000734908 /* LaunchScreen.storyboard */,
				02D9DDB620CF6AB000734908 /* Info.plist */,
			);
			path = ExtensionKitDemo;
			sourceTree = "<group>";
		};
		02D9DDC220CF6ADB00734908 /* ExtKit */ = {
			isa = PBXGroup;
			children = (
				02D9DDC320CF6ADB00734908 /* ExtKit.h */,
				02D9DDE020CF7BF700734908 /* Defaults.swift */,
				02D9DDD820CF758500734908 /* Extension */,
				02D9DDCF20CF6B2D00734908 /* Protocol */,
				02D9DDC420CF6ADB00734908 /* Info.plist */,
			);
			path = ExtKit;
			sourceTree = "<group>";
		};
		02D9DDCF20CF6B2D00734908 /* Protocol */ = {
			isa = PBXGroup;
			children = (
				02D9DDD020CF6B8400734908 /* Nibable.swift */,
			);
			path = Protocol;
			sourceTree = "<group>";
		};
		02D9DDD820CF758500734908 /* Extension */ = {
			isa = PBXGroup;
			children = (
				02210B7220D11EA200A60B3B /* UITableView+Reusable.swift */,
				02210B7320D11EA200A60B3B /* UIView+NSLayoutAnchor.swift */,
				02210B7620D11EB800A60B3B /* UIView+Extension.swift */,
			);
			path = Extension;
			sourceTree = "<group>";
		};
/* End PBXGroup section */

/* Begin PBXHeadersBuildPhase section */
		02D9DDBE20CF6ADB00734908 /* Headers */ = {
			isa = PBXHeadersBuildPhase;
			buildActionMask = 2147483647;
			files = (
				02D9DDC520CF6ADB00734908 /* ExtKit.h in Headers */,
			);
			runOnlyForDeploymentPostprocessing = 0;
		};
/* End PBXHeadersBuildPhase section */

/* Begin PBXNativeTarget section */
		02D9DDA620CF6AAF00734908 /* ExtensionKitDemo */ = {
			isa = PBXNativeTarget;
			buildConfigurationList = 02D9DDB920CF6AB000734908 /* Build configuration list for PBXNativeTarget "ExtensionKitDemo" */;
			buildPhases = (
				02D9DDA320CF6AAF00734908 /* Sources */,
				02D9DDA420CF6AAF00734908 /* Frameworks */,
				02D9DDA520CF6AAF00734908 /* Resources */,
				02D9DDCD20CF6ADB00734908 /* Embed Frameworks */,
			);
			buildRules = (
			);
			dependencies = (
				02D9DDC720CF6ADB00734908 /* PBXTargetDependency */,
			);
			name = ExtensionKitDemo;
			productName = ExtensionKitDemo;
			productReference = 02D9DDA720CF6AAF00734908 /* ExtensionKitDemo.app */;
			productType = "com.apple.product-type.application";
		};
		02D9DDC020CF6ADB00734908 /* ExtKit */ = {
			isa = PBXNativeTarget;
			buildConfigurationList = 02D9DDCA20CF6ADB00734908 /* Build configuration list for PBXNativeTarget "ExtKit" */;
			buildPhases = (
				02D9DDBC20CF6ADB00734908 /* Sources */,
				02D9DDBD20CF6ADB00734908 /* Frameworks */,
				02D9DDBE20CF6ADB00734908 /* Headers */,
				02D9DDBF20CF6ADB00734908 /* Resources */,
			);
			buildRules = (
			);
			dependencies = (
			);
			name = ExtKit;
			productName = ExtKit;
			productReference = 02D9DDC120CF6ADB00734908 /* ExtKit.framework */;
			productType = "com.apple.product-type.framework";
		};
/* End PBXNativeTarget section */

/* Begin PBXProject section */
		02D9DD9F20CF6AAF00734908 /* Project object */ = {
			isa = PBXProject;
			attributes = {
				LastSwiftUpdateCheck = 0940;
				LastUpgradeCheck = 0940;
				ORGANIZATIONNAME = "ZhiHua Shen";
				TargetAttributes = {
					02D9DDA620CF6AAF00734908 = {
						CreatedOnToolsVersion = 9.4;
					};
					02D9DDC020CF6ADB00734908 = {
						CreatedOnToolsVersion = 9.4;
						LastSwiftMigration = 0940;
					};
				};
			};
			buildConfigurationList = 02D9DDA220CF6AAF00734908 /* Build configuration list for PBXProject "ExtensionKitDemo" */;
			compatibilityVersion = "Xcode 9.3";
			developmentRegion = en;
			hasScannedForEncodings = 0;
			knownRegions = (
				en,
				Base,
			);
			mainGroup = 02D9DD9E20CF6AAF00734908;
			productRefGroup = 02D9DDA820CF6AAF00734908 /* Products */;
			projectDirPath = "";
			projectRoot = "";
			targets = (
				02D9DDA620CF6AAF00734908 /* ExtensionKitDemo */,
				02D9DDC020CF6ADB00734908 /* ExtKit */,
			);
		};
/* End PBXProject section */

/* Begin PBXResourcesBuildPhase section */
		02D9DDA520CF6AAF00734908 /* Resources */ = {
			isa = PBXResourcesBuildPhase;
			buildActionMask = 2147483647;
			files = (
				02D9DDB520CF6AB000734908 /* LaunchScreen.storyboard in Resources */,
				02D9DDD320CF6C1900734908 /* SubView.xib in Resources */,
				02D9DDB220CF6AB000734908 /* Assets.xcassets in Resources */,
				02D9DDB020CF6AAF00734908 /* Main.storyboard in Resources */,
			);
			runOnlyForDeploymentPostprocessing = 0;
		};
		02D9DDBF20CF6ADB00734908 /* Resources */ = {
			isa = PBXResourcesBuildPhase;
			buildActionMask = 2147483647;
			files = (
			);
			runOnlyForDeploymentPostprocessing = 0;
		};
/* End PBXResourcesBuildPhase section */

/* Begin PBXSourcesBuildPhase section */
		02D9DDA320CF6AAF00734908 /* Sources */ = {
			isa = PBXSourcesBuildPhase;
			buildActionMask = 2147483647;
			files = (
				02D9DDD720CF727600734908 /* SecondViewController.swift in Sources */,
				02D9DDD520CF6C8B00734908 /* SubView.swift in Sources */,
				02D9DDAD20CF6AAF00734908 /* ViewController.swift in Sources */,
				02D9DDAB20CF6AAF00734908 /* AppDelegate.swift in Sources */,
			);
			runOnlyForDeploymentPostprocessing = 0;
		};
		02D9DDBC20CF6ADB00734908 /* Sources */ = {
			isa = PBXSourcesBuildPhase;
			buildActionMask = 2147483647;
			files = (
				02210B7720D11EB800A60B3B /* UIView+Extension.swift in Sources */,
				02210B7520D11EA200A60B3B /* UIView+NSLayoutAnchor.swift in Sources */,
				02D9DDE120CF7BF700734908 /* Defaults.swift in Sources */,
				02210B7420D11EA200A60B3B /* UITableView+Reusable.swift in Sources */,
				02D9DDD120CF6B8400734908 /* Nibable.swift in Sources */,
			);
			runOnlyForDeploymentPostprocessing = 0;
		};
/* End PBXSourcesBuildPhase section */

/* Begin PBXTargetDependency section */
		02D9DDC720CF6ADB00734908 /* PBXTargetDependency */ = {
			isa = PBXTargetDependency;
			target = 02D9DDC020CF6ADB00734908 /* ExtKit */;
			targetProxy = 02D9DDC620CF6ADB00734908 /* PBXContainerItemProxy */;
		};
/* End PBXTargetDependency section */

/* Begin PBXVariantGroup section */
		02D9DDAE20CF6AAF00734908 /* Main.storyboard */ = {
			isa = PBXVariantGroup;
			children = (
				02D9DDAF20CF6AAF00734908 /* Base */,
			);
			name = Main.storyboard;
			sourceTree = "<group>";
		};
		02D9DDB320CF6AB000734908 /* LaunchScreen.storyboard */ = {
			isa = PBXVariantGroup;
			children = (
				02D9DDB420CF6AB000734908 /* Base */,
			);
			name = LaunchScreen.storyboard;
			sourceTree = "<group>";
		};
/* End PBXVariantGroup section */

/* Begin XCBuildConfiguration section */
		02D9DDB720CF6AB000734908 /* Debug */ = {
			isa = XCBuildConfiguration;
			buildSettings = {
				ALWAYS_SEARCH_USER_PATHS = NO;
				CLANG_ANALYZER_NONNULL = YES;
				CLANG_ANALYZER_NUMBER_OBJECT_CONVERSION = YES_AGGRESSIVE;
				CLANG_CXX_LANGUAGE_STANDARD = "gnu++14";
				CLANG_CXX_LIBRARY = "libc++";
				CLANG_ENABLE_MODULES = YES;
				CLANG_ENABLE_OBJC_ARC = YES;
				CLANG_ENABLE_OBJC_WEAK = YES;
				CLANG_WARN_BLOCK_CAPTURE_AUTORELEASING = YES;
				CLANG_WARN_BOOL_CONVERSION = YES;
				CLANG_WARN_COMMA = YES;
				CLANG_WARN_CONSTANT_CONVERSION = YES;
				CLANG_WARN_DEPRECATED_OBJC_IMPLEMENTATIONS = YES;
				CLANG_WARN_DIRECT_OBJC_ISA_USAGE = YES_ERROR;
				CLANG_WARN_DOCUMENTATION_COMMENTS = YES;
				CLANG_WARN_EMPTY_BODY = YES;
				CLANG_WARN_ENUM_CONVERSION = YES;
				CLANG_WARN_INFINITE_RECURSION = YES;
				CLANG_WARN_INT_CONVERSION = YES;
				CLANG_WARN_NON_LITERAL_NULL_CONVERSION = YES;
				CLANG_WARN_OBJC_IMPLICIT_RETAIN_SELF = YES;
				CLANG_WARN_OBJC_LITERAL_CONVERSION = YES;
				CLANG_WARN_OBJC_ROOT_CLASS = YES_ERROR;
				CLANG_WARN_RANGE_LOOP_ANALYSIS = YES;
				CLANG_WARN_STRICT_PROTOTYPES = YES;
				CLANG_WARN_SUSPICIOUS_MOVE = YES;
				CLANG_WARN_UNGUARDED_AVAILABILITY = YES_AGGRESSIVE;
				CLANG_WARN_UNREACHABLE_CODE = YES;
				CLANG_WARN__DUPLICATE_METHOD_MATCH = YES;
				CODE_SIGN_IDENTITY = "iPhone Developer";
				COPY_PHASE_STRIP = NO;
				DEBUG_INFORMATION_FORMAT = dwarf;
				ENABLE_STRICT_OBJC_MSGSEND = YES;
				ENABLE_TESTABILITY = YES;
				GCC_C_LANGUAGE_STANDARD = gnu11;
				GCC_DYNAMIC_NO_PIC = NO;
				GCC_NO_COMMON_BLOCKS = YES;
				GCC_OPTIMIZATION_LEVEL = 0;
				GCC_PREPROCESSOR_DEFINITIONS = (
					"DEBUG=1",
					"$(inherited)",
				);
				GCC_WARN_64_TO_32_BIT_CONVERSION = YES;
				GCC_WARN_ABOUT_RETURN_TYPE = YES_ERROR;
				GCC_WARN_UNDECLARED_SELECTOR = YES;
				GCC_WARN_UNINITIALIZED_AUTOS = YES_AGGRESSIVE;
				GCC_WARN_UNUSED_FUNCTION = YES;
				GCC_WARN_UNUSED_VARIABLE = YES;
				IPHONEOS_DEPLOYMENT_TARGET = 11.4;
				MTL_ENABLE_DEBUG_INFO = YES;
				ONLY_ACTIVE_ARCH = YES;
				SDKROOT = iphoneos;
				SWIFT_ACTIVE_COMPILATION_CONDITIONS = DEBUG;
				SWIFT_OPTIMIZATION_LEVEL = "-Onone";
			};
			name = Debug;
		};
		02D9DDB820CF6AB000734908 /* Release */ = {
			isa = XCBuildConfiguration;
			buildSettings = {
				ALWAYS_SEARCH_USER_PATHS = NO;
				CLANG_ANALYZER_NONNULL = YES;
				CLANG_ANALYZER_NUMBER_OBJECT_CONVERSION = YES_AGGRESSIVE;
				CLANG_CXX_LANGUAGE_STANDARD = "gnu++14";
				CLANG_CXX_LIBRARY = "libc++";
				CLANG_ENABLE_MODULES = YES;
				CLANG_ENABLE_OBJC_ARC = YES;
				CLANG_ENABLE_OBJC_WEAK = YES;
				CLANG_WARN_BLOCK_CAPTURE_AUTORELEASING = YES;
				CLANG_WARN_BOOL_CONVERSION = YES;
				CLANG_WARN_COMMA = YES;
				CLANG_WARN_CONSTANT_CONVERSION = YES;
				CLANG_WARN_DEPRECATED_OBJC_IMPLEMENTATIONS = YES;
				CLANG_WARN_DIRECT_OBJC_ISA_USAGE = YES_ERROR;
				CLANG_WARN_DOCUMENTATION_COMMENTS = YES;
				CLANG_WARN_EMPTY_BODY = YES;
				CLANG_WARN_ENUM_CONVERSION = YES;
				CLANG_WARN_INFINITE_RECURSION = YES;
				CLANG_WARN_INT_CONVERSION = YES;
				CLANG_WARN_NON_LITERAL_NULL_CONVERSION = YES;
				CLANG_WARN_OBJC_IMPLICIT_RETAIN_SELF = YES;
				CLANG_WARN_OBJC_LITERAL_CONVERSION = YES;
				CLANG_WARN_OBJC_ROOT_CLASS = YES_ERROR;
				CLANG_WARN_RANGE_LOOP_ANALYSIS = YES;
				CLANG_WARN_STRICT_PROTOTYPES = YES;
				CLANG_WARN_SUSPICIOUS_MOVE = YES;
				CLANG_WARN_UNGUARDED_AVAILABILITY = YES_AGGRESSIVE;
				CLANG_WARN_UNREACHABLE_CODE = YES;
				CLANG_WARN__DUPLICATE_METHOD_MATCH = YES;
				CODE_SIGN_IDENTITY = "iPhone Developer";
				COPY_PHASE_STRIP = NO;
				DEBUG_INFORMATION_FORMAT = "dwarf-with-dsym";
				ENABLE_NS_ASSERTIONS = NO;
				ENABLE_STRICT_OBJC_MSGSEND = YES;
				GCC_C_LANGUAGE_STANDARD = gnu11;
				GCC_NO_COMMON_BLOCKS = YES;
				GCC_WARN_64_TO_32_BIT_CONVERSION = YES;
				GCC_WARN_ABOUT_RETURN_TYPE = YES_ERROR;
				GCC_WARN_UNDECLARED_SELECTOR = YES;
				GCC_WARN_UNINITIALIZED_AUTOS = YES_AGGRESSIVE;
				GCC_WARN_UNUSED_FUNCTION = YES;
				GCC_WARN_UNUSED_VARIABLE = YES;
				IPHONEOS_DEPLOYMENT_TARGET = 11.4;
				MTL_ENABLE_DEBUG_INFO = NO;
				SDKROOT = iphoneos;
				SWIFT_COMPILATION_MODE = wholemodule;
				SWIFT_OPTIMIZATION_LEVEL = "-O";
				VALIDATE_PRODUCT = YES;
			};
			name = Release;
		};
		02D9DDBA20CF6AB000734908 /* Debug */ = {
			isa = XCBuildConfiguration;
			buildSettings = {
				ALWAYS_EMBED_SWIFT_STANDARD_LIBRARIES = YES;
				ASSETCATALOG_COMPILER_APPICON_NAME = AppIcon;
				CODE_SIGN_STYLE = Automatic;
				DEVELOPMENT_TEAM = S2PRN5RUXV;
				INFOPLIST_FILE = ExtensionKitDemo/Info.plist;
				LD_RUNPATH_SEARCH_PATHS = (
					"$(inherited)",
					"@executable_path/Frameworks",
				);
				PRODUCT_BUNDLE_IDENTIFIER = com.xolo.ExtensionKitDemo;
				PRODUCT_NAME = "$(TARGET_NAME)";
				SWIFT_VERSION = 4.0;
				TARGETED_DEVICE_FAMILY = "1,2";
			};
			name = Debug;
		};
		02D9DDBB20CF6AB000734908 /* Release */ = {
			isa = XCBuildConfiguration;
			buildSettings = {
				ALWAYS_EMBED_SWIFT_STANDARD_LIBRARIES = YES;
				ASSETCATALOG_COMPILER_APPICON_NAME = AppIcon;
				CODE_SIGN_STYLE = Automatic;
				DEVELOPMENT_TEAM = S2PRN5RUXV;
				INFOPLIST_FILE = ExtensionKitDemo/Info.plist;
				LD_RUNPATH_SEARCH_PATHS = (
					"$(inherited)",
					"@executable_path/Frameworks",
				);
				PRODUCT_BUNDLE_IDENTIFIER = com.xolo.ExtensionKitDemo;
				PRODUCT_NAME = "$(TARGET_NAME)";
				SWIFT_VERSION = 4.0;
				TARGETED_DEVICE_FAMILY = "1,2";
			};
			name = Release;
		};
		02D9DDCB20CF6ADB00734908 /* Debug */ = {
			isa = XCBuildConfiguration;
			buildSettings = {
				CLANG_ENABLE_MODULES = YES;
				CODE_SIGN_IDENTITY = "";
				CODE_SIGN_STYLE = Automatic;
				CURRENT_PROJECT_VERSION = 1;
				DEFINES_MODULE = YES;
				DEVELOPMENT_TEAM = S2PRN5RUXV;
				DYLIB_COMPATIBILITY_VERSION = 1;
				DYLIB_CURRENT_VERSION = 1;
				DYLIB_INSTALL_NAME_BASE = "@rpath";
				INFOPLIST_FILE = ExtKit/Info.plist;
				INSTALL_PATH = "$(LOCAL_LIBRARY_DIR)/Frameworks";
				LD_RUNPATH_SEARCH_PATHS = (
					"$(inherited)",
					"@executable_path/Frameworks",
					"@loader_path/Frameworks",
				);
				PRODUCT_BUNDLE_IDENTIFIER = com.xolo.ExtKit;
				PRODUCT_NAME = "$(TARGET_NAME:c99extidentifier)";
				SKIP_INSTALL = YES;
				SWIFT_OPTIMIZATION_LEVEL = "-Onone";
				SWIFT_VERSION = 4.0;
				TARGETED_DEVICE_FAMILY = "1,2";
				VERSIONING_SYSTEM = "apple-generic";
				VERSION_INFO_PREFIX = "";
			};
			name = Debug;
		};
		02D9DDCC20CF6ADB00734908 /* Release */ = {
			isa = XCBuildConfiguration;
			buildSettings = {
				CLANG_ENABLE_MODULES = YES;
				CODE_SIGN_IDENTITY = "";
				CODE_SIGN_STYLE = Automatic;
				CURRENT_PROJECT_VERSION = 1;
				DEFINES_MODULE = YES;
				DEVELOPMENT_TEAM = S2PRN5RUXV;
				DYLIB_COMPATIBILITY_VERSION = 1;
				DYLIB_CURRENT_VERSION = 1;
				DYLIB_INSTALL_NAME_BASE = "@rpath";
				INFOPLIST_FILE = ExtKit/Info.plist;
				INSTALL_PATH = "$(LOCAL_LIBRARY_DIR)/Frameworks";
				LD_RUNPATH_SEARCH_PATHS = (
					"$(inherited)",
					"@executable_path/Frameworks",
					"@loader_path/Frameworks",
				);
				PRODUCT_BUNDLE_IDENTIFIER = com.xolo.ExtKit;
				PRODUCT_NAME = "$(TARGET_NAME:c99extidentifier)";
				SKIP_INSTALL = YES;
				SWIFT_VERSION = 4.0;
				TARGETED_DEVICE_FAMILY = "1,2";
				VERSIONING_SYSTEM = "apple-generic";
				VERSION_INFO_PREFIX = "";
			};
			name = Release;
		};
/* End XCBuildConfiguration section */

/* Begin XCConfigurationList section */
		02D9DDA220CF6AAF00734908 /* Build configuration list for PBXProject "ExtensionKitDemo" */ = {
			isa = XCConfigurationList;
			buildConfigurations = (
				02D9DDB720CF6AB000734908 /* Debug */,
				02D9DDB820CF6AB000734908 /* Release */,
			);
			defaultConfigurationIsVisible = 0;
			defaultConfigurationName = Release;
		};
		02D9DDB920CF6AB000734908 /* Build configuration list for PBXNativeTarget "ExtensionKitDemo" */ = {
			isa = XCConfigurationList;
			buildConfigurations = (
				02D9DDBA20CF6AB000734908 /* Debug */,
				02D9DDBB20CF6AB000734908 /* Release */,
			);
			defaultConfigurationIsVisible = 0;
			defaultConfigurationName = Release;
		};
		02D9DDCA20CF6ADB00734908 /* Build configuration list for PBXNativeTarget "ExtKit" */ = {
			isa = XCConfigurationList;
			buildConfigurations = (
				02D9DDCB20CF6ADB00734908 /* Debug */,
				02D9DDCC20CF6ADB00734908 /* Release */,
			);
			defaultConfigurationIsVisible = 0;
			defaultConfigurationName = Release;
		};
/* End XCConfigurationList section */
	};
	rootObject = 02D9DD9F20CF6AAF00734908 /* Project object */;
}
