// !$*UTF8*$!
{
	archiveVersion = 1;
	classes = {
	};
	objectVersion = 50;
	objects = {

/* Begin PBXBuildFile section */
		0233E6C320A0745500BD0B36 /* YYImageCache.m in Sources */ = {isa = PBXBuildFile; fileRef = 0233E69B20A0745500BD0B36 /* YYImageCache.m */; };
		0233E6C420A0745500BD0B36 /* YYDiskCache.m in Sources */ = {isa = PBXBuildFile; fileRef = 0233E69D20A0745500BD0B36 /* YYDiskCache.m */; };
		0233E6C520A0745500BD0B36 /* YYCache.m in Sources */ = {isa = PBXBuildFile; fileRef = 0233E69F20A0745500BD0B36 /* YYCache.m */; };
		0233E6C620A0745500BD0B36 /* YYKVStorage.m in Sources */ = {isa = PBXBuildFile; fileRef = 0233E6A320A0745500BD0B36 /* YYKVStorage.m */; };
		0233E6C720A0745500BD0B36 /* YYMemoryCache.m in Sources */ = {isa = PBXBuildFile; fileRef = 0233E6A420A0745500BD0B36 /* YYMemoryCache.m */; };
		0233E6C820A0745500BD0B36 /* YYWebImageManager.m in Sources */ = {isa = PBXBuildFile; fileRef = 0233E6A520A0745500BD0B36 /* YYWebImageManager.m */; };
		0233E6C920A0745500BD0B36 /* YYSpriteSheetImage.m in Sources */ = {isa = PBXBuildFile; fileRef = 0233E6AB20A0745500BD0B36 /* YYSpriteSheetImage.m */; };
		0233E6CA20A0745500BD0B36 /* YYImage.m in Sources */ = {isa = PBXBuildFile; fileRef = 0233E6AD20A0745500BD0B36 /* YYImage.m */; };
		0233E6CB20A0745500BD0B36 /* YYImageCoder.m in Sources */ = {isa = PBXBuildFile; fileRef = 0233E6AE20A0745500BD0B36 /* YYImageCoder.m */; };
		0233E6CC20A0745500BD0B36 /* YYFrameImage.m in Sources */ = {isa = PBXBuildFile; fileRef = 0233E6AF20A0745500BD0B36 /* YYFrameImage.m */; };
		0233E6CD20A0745500BD0B36 /* YYAnimatedImageView.m in Sources */ = {isa = PBXBuildFile; fileRef = 0233E6B020A0745500BD0B36 /* YYAnimatedImageView.m */; };
		0233E6CE20A0745500BD0B36 /* _YYWebImageSetter.m in Sources */ = {isa = PBXBuildFile; fileRef = 0233E6B520A0745500BD0B36 /* _YYWebImageSetter.m */; };
		0233E6CF20A0745500BD0B36 /* UIButton+YYWebImage.m in Sources */ = {isa = PBXBuildFile; fileRef = 0233E6BC20A0745500BD0B36 /* UIButton+YYWebImage.m */; };
		0233E6D020A0745500BD0B36 /* UIImageView+YYWebImage.m in Sources */ = {isa = PBXBuildFile; fileRef = 0233E6BD20A0745500BD0B36 /* UIImageView+YYWebImage.m */; };
		0233E6D120A0745500BD0B36 /* MKAnnotationView+YYWebImage.m in Sources */ = {isa = PBXBuildFile; fileRef = 0233E6BE20A0745500BD0B36 /* MKAnnotationView+YYWebImage.m */; };
		0233E6D220A0745500BD0B36 /* UIImage+YYWebImage.m in Sources */ = {isa = PBXBuildFile; fileRef = 0233E6BF20A0745500BD0B36 /* UIImage+YYWebImage.m */; };
		0233E6D320A0745500BD0B36 /* CALayer+YYWebImage.m in Sources */ = {isa = PBXBuildFile; fileRef = 0233E6C020A0745500BD0B36 /* CALayer+YYWebImage.m */; };
		0233E6D420A0745500BD0B36 /* YYWebImageOperation.m in Sources */ = {isa = PBXBuildFile; fileRef = 0233E6C220A0745500BD0B36 /* YYWebImageOperation.m */; };
		02B77250209ACACE00EAFEC0 /* AppDelegate.m in Sources */ = {isa = PBXBuildFile; fileRef = 02B7724F209ACACE00EAFEC0 /* AppDelegate.m */; };
		02B77253209ACACE00EAFEC0 /* ViewController.m in Sources */ = {isa = PBXBuildFile; fileRef = 02B77252209ACACE00EAFEC0 /* ViewController.m */; };
		02B77256209ACACE00EAFEC0 /* Main.storyboard in Resources */ = {isa = PBXBuildFile; fileRef = 02B77254209ACACE00EAFEC0 /* Main.storyboard */; };
		02B77258209ACACE00EAFEC0 /* Assets.xcassets in Resources */ = {isa = PBXBuildFile; fileRef = 02B77257209ACACE00EAFEC0 /* Assets.xcassets */; };
		02B7725B209ACACE00EAFEC0 /* LaunchScreen.storyboard in Resources */ = {isa = PBXBuildFile; fileRef = 02B77259209ACACE00EAFEC0 /* LaunchScreen.storyboard */; };
		02B7725E209ACACE00EAFEC0 /* main.m in Sources */ = {isa = PBXBuildFile; fileRef = 02B7725D209ACACE00EAFEC0 /* main.m */; };
		02B7726D209ACADF00EAFEC0 /* UIView+YYAdd.m in Sources */ = {isa = PBXBuildFile; fileRef = 02B77268209ACADF00EAFEC0 /* UIView+YYAdd.m */; };
		02B7726E209ACADF00EAFEC0 /* YYPhotoGroupView.m in Sources */ = {isa = PBXBuildFile; fileRef = 02B77269209ACADF00EAFEC0 /* YYPhotoGroupView.m */; };
		02B7726F209ACADF00EAFEC0 /* NSString+YYAdd.m in Sources */ = {isa = PBXBuildFile; fileRef = 02B7726A209ACADF00EAFEC0 /* NSString+YYAdd.m */; };
		02B77270209ACADF00EAFEC0 /* UIImage+YYAdd.m in Sources */ = {isa = PBXBuildFile; fileRef = 02B7726B209ACADF00EAFEC0 /* UIImage+YYAdd.m */; };
/* End PBXBuildFile section */

/* Begin PBXFileReference section */
		0233E69B20A0745500BD0B36 /* YYImageCache.m */ = {isa = PBXFileReference; fileEncoding = 4; lastKnownFileType = sourcecode.c.objc; path = YYImageCache.m; sourceTree = "<group>"; };
		0233E69D20A0745500BD0B36 /* YYDiskCache.m */ = {isa = PBXFileReference; fileEncoding = 4; lastKnownFileType = sourcecode.c.objc; path = YYDiskCache.m; sourceTree = "<group>"; };
		0233E69E20A0745500BD0B36 /* YYKVStorage.h */ = {isa = PBXFileReference; fileEncoding = 4; lastKnownFileType = sourcecode.c.h; path = YYKVStorage.h; sourceTree = "<group>"; };
		0233E69F20A0745500BD0B36 /* YYCache.m */ = {isa = PBXFileReference; fileEncoding = 4; lastKnownFileType = sourcecode.c.objc; path = YYCache.m; sourceTree = "<group>"; };
		0233E6A020A0745500BD0B36 /* YYMemoryCache.h */ = {isa = PBXFileReference; fileEncoding = 4; lastKnownFileType = sourcecode.c.h; path = YYMemoryCache.h; sourceTree = "<group>"; };
		0233E6A120A0745500BD0B36 /* YYDiskCache.h */ = {isa = PBXFileReference; fileEncoding = 4; lastKnownFileType = sourcecode.c.h; path = YYDiskCache.h; sourceTree = "<group>"; };
		0233E6A220A0745500BD0B36 /* YYCache.h */ = {isa = PBXFileReference; fileEncoding = 4; lastKnownFileType = sourcecode.c.h; path = YYCache.h; sourceTree = "<group>"; };
		0233E6A320A0745500BD0B36 /* YYKVStorage.m */ = {isa = PBXFileReference; fileEncoding = 4; lastKnownFileType = sourcecode.c.objc; path = YYKVStorage.m; sourceTree = "<group>"; };
		0233E6A420A0745500BD0B36 /* YYMemoryCache.m */ = {isa = PBXFileReference; fileEncoding = 4; lastKnownFileType = sourcecode.c.objc; path = YYMemoryCache.m; sourceTree = "<group>"; };
		0233E6A520A0745500BD0B36 /* YYWebImageManager.m */ = {isa = PBXFileReference; fileEncoding = 4; lastKnownFileType = sourcecode.c.objc; path = YYWebImageManager.m; sourceTree = "<group>"; };
		0233E6A620A0745500BD0B36 /* YYWebImageOperation.h */ = {isa = PBXFileReference; fileEncoding = 4; lastKnownFileType = sourcecode.c.h; path = YYWebImageOperation.h; sourceTree = "<group>"; };
		0233E6A820A0745500BD0B36 /* YYImage.h */ = {isa = PBXFileReference; fileEncoding = 4; lastKnownFileType = sourcecode.c.h; path = YYImage.h; sourceTree = "<group>"; };
		0233E6A920A0745500BD0B36 /* YYImageCoder.h */ = {isa = PBXFileReference; fileEncoding = 4; lastKnownFileType = sourcecode.c.h; path = YYImageCoder.h; sourceTree = "<group>"; };
		0233E6AA20A0745500BD0B36 /* YYFrameImage.h */ = {isa = PBXFileReference; fileEncoding = 4; lastKnownFileType = sourcecode.c.h; path = YYFrameImage.h; sourceTree = "<group>"; };
		0233E6AB20A0745500BD0B36 /* YYSpriteSheetImage.m */ = {isa = PBXFileReference; fileEncoding = 4; lastKnownFileType = sourcecode.c.objc; path = YYSpriteSheetImage.m; sourceTree = "<group>"; };
		0233E6AC20A0745500BD0B36 /* YYAnimatedImageView.h */ = {isa = PBXFileReference; fileEncoding = 4; lastKnownFileType = sourcecode.c.h; path = YYAnimatedImageView.h; sourceTree = "<group>"; };
		0233E6AD20A0745500BD0B36 /* YYImage.m */ = {isa = PBXFileReference; fileEncoding = 4; lastKnownFileType = sourcecode.c.objc; path = YYImage.m; sourceTree = "<group>"; };
		0233E6AE20A0745500BD0B36 /* YYImageCoder.m */ = {isa = PBXFileReference; fileEncoding = 4; lastKnownFileType = sourcecode.c.objc; path = YYImageCoder.m; sourceTree = "<group>"; };
		0233E6AF20A0745500BD0B36 /* YYFrameImage.m */ = {isa = PBXFileReference; fileEncoding = 4; lastKnownFileType = sourcecode.c.objc; path = YYFrameImage.m; sourceTree = "<group>"; };
		0233E6B020A0745500BD0B36 /* YYAnimatedImageView.m */ = {isa = PBXFileReference; fileEncoding = 4; lastKnownFileType = sourcecode.c.objc; path = YYAnimatedImageView.m; sourceTree = "<group>"; };
		0233E6B120A0745500BD0B36 /* YYSpriteSheetImage.h */ = {isa = PBXFileReference; fileEncoding = 4; lastKnownFileType = sourcecode.c.h; path = YYSpriteSheetImage.h; sourceTree = "<group>"; };
		0233E6B220A0745500BD0B36 /* YYImageCache.h */ = {isa = PBXFileReference; fileEncoding = 4; lastKnownFileType = sourcecode.c.h; path = YYImageCache.h; sourceTree = "<group>"; };
		0233E6B320A0745500BD0B36 /* YYWebImageManager.h */ = {isa = PBXFileReference; fileEncoding = 4; lastKnownFileType = sourcecode.c.h; path = YYWebImageManager.h; sourceTree = "<group>"; };
		0233E6B520A0745500BD0B36 /* _YYWebImageSetter.m */ = {isa = PBXFileReference; fileEncoding = 4; lastKnownFileType = sourcecode.c.objc; path = _YYWebImageSetter.m; sourceTree = "<group>"; };
		0233E6B620A0745500BD0B36 /* UIButton+YYWebImage.h */ = {isa = PBXFileReference; fileEncoding = 4; lastKnownFileType = sourcecode.c.h; path = "UIButton+YYWebImage.h"; sourceTree = "<group>"; };
		0233E6B720A0745500BD0B36 /* UIImageView+YYWebImage.h */ = {isa = PBXFileReference; fileEncoding = 4; lastKnownFileType = sourcecode.c.h; path = "UIImageView+YYWebImage.h"; sourceTree = "<group>"; };
		0233E6B820A0745500BD0B36 /* CALayer+YYWebImage.h */ = {isa = PBXFileReference; fileEncoding = 4; lastKnownFileType = sourcecode.c.h; path = "CALayer+YYWebImage.h"; sourceTree = "<group>"; };
		0233E6B920A0745500BD0B36 /* UIImage+YYWebImage.h */ = {isa = PBXFileReference; fileEncoding = 4; lastKnownFileType = sourcecode.c.h; path = "UIImage+YYWebImage.h"; sourceTree = "<group>"; };
		0233E6BA20A0745500BD0B36 /* MKAnnotationView+YYWebImage.h */ = {isa = PBXFileReference; fileEncoding = 4; lastKnownFileType = sourcecode.c.h; path = "MKAnnotationView+YYWebImage.h"; sourceTree = "<group>"; };
		0233E6BB20A0745500BD0B36 /* _YYWebImageSetter.h */ = {isa = PBXFileReference; fileEncoding = 4; lastKnownFileType = sourcecode.c.h; path = _YYWebImageSetter.h; sourceTree = "<group>"; };
		0233E6BC20A0745500BD0B36 /* UIButton+YYWebImage.m */ = {isa = PBXFileReference; fileEncoding = 4; lastKnownFileType = sourcecode.c.objc; path = "UIButton+YYWebImage.m"; sourceTree = "<group>"; };
		0233E6BD20A0745500BD0B36 /* UIImageView+YYWebImage.m */ = {isa = PBXFileReference; fileEncoding = 4; lastKnownFileType = sourcecode.c.objc; path = "UIImageView+YYWebImage.m"; sourceTree = "<group>"; };
		0233E6BE20A0745500BD0B36 /* MKAnnotationView+YYWebImage.m */ = {isa = PBXFileReference; fileEncoding = 4; lastKnownFileType = sourcecode.c.objc; path = "MKAnnotationView+YYWebImage.m"; sourceTree = "<group>"; };
		0233E6BF20A0745500BD0B36 /* UIImage+YYWebImage.m */ = {isa = PBXFileReference; fileEncoding = 4; lastKnownFileType = sourcecode.c.objc; path = "UIImage+YYWebImage.m"; sourceTree = "<group>"; };
		0233E6C020A0745500BD0B36 /* CALayer+YYWebImage.m */ = {isa = PBXFileReference; fileEncoding = 4; lastKnownFileType = sourcecode.c.objc; path = "CALayer+YYWebImage.m"; sourceTree = "<group>"; };
		0233E6C120A0745500BD0B36 /* YYWebImage.h */ = {isa = PBXFileReference; fileEncoding = 4; lastKnownFileType = sourcecode.c.h; path = YYWebImage.h; sourceTree = "<group>"; };
		0233E6C220A0745500BD0B36 /* YYWebImageOperation.m */ = {isa = PBXFileReference; fileEncoding = 4; lastKnownFileType = sourcecode.c.objc; path = YYWebImageOperation.m; sourceTree = "<group>"; };
		02B7724B209ACACE00EAFEC0 /* PhotoGroupView.app */ = {isa = PBXFileReference; explicitFileType = wrapper.application; includeInIndex = 0; path = PhotoGroupView.app; sourceTree = BUILT_PRODUCTS_DIR; };
		02B7724E209ACACE00EAFEC0 /* AppDelegate.h */ = {isa = PBXFileReference; lastKnownFileType = sourcecode.c.h; path = AppDelegate.h; sourceTree = "<group>"; };
		02B7724F209ACACE00EAFEC0 /* AppDelegate.m */ = {isa = PBXFileReference; lastKnownFileType = sourcecode.c.objc; path = AppDelegate.m; sourceTree = "<group>"; };
		02B77251209ACACE00EAFEC0 /* ViewController.h */ = {isa = PBXFileReference; lastKnownFileType = sourcecode.c.h; path = ViewController.h; sourceTree = "<group>"; };
		02B77252209ACACE00EAFEC0 /* ViewController.m */ = {isa = PBXFileReference; lastKnownFileType = sourcecode.c.objc; path = ViewController.m; sourceTree = "<group>"; };
		02B77255209ACACE00EAFEC0 /* Base */ = {isa = PBXFileReference; lastKnownFileType = file.storyboard; name = Base; path = Base.lproj/Main.storyboard; sourceTree = "<group>"; };
		02B77257209ACACE00EAFEC0 /* Assets.xcassets */ = {isa = PBXFileReference; lastKnownFileType = folder.assetcatalog; path = Assets.xcassets; sourceTree = "<group>"; };
		02B7725A209ACACE00EAFEC0 /* Base */ = {isa = PBXFileReference; lastKnownFileType = file.storyboard; name = Base; path = Base.lproj/LaunchScreen.storyboard; sourceTree = "<group>"; };
		02B7725C209ACACE00EAFEC0 /* Info.plist */ = {isa = PBXFileReference; lastKnownFileType = text.plist.xml; path = Info.plist; sourceTree = "<group>"; };
		02B7725D209ACACE00EAFEC0 /* main.m */ = {isa = PBXFileReference; lastKnownFileType = sourcecode.c.objc; path = main.m; sourceTree = "<group>"; };
		02B77265209ACADF00EAFEC0 /* YYPhotoGroupView.h */ = {isa = PBXFileReference; fileEncoding = 4; lastKnownFileType = sourcecode.c.h; path = YYPhotoGroupView.h; sourceTree = "<group>"; };
		02B77266209ACADF00EAFEC0 /* UIImage+YYAdd.h */ = {isa = PBXFileReference; fileEncoding = 4; lastKnownFileType = sourcecode.c.h; path = "UIImage+YYAdd.h"; sourceTree = "<group>"; };
		02B77267209ACADF00EAFEC0 /* NSString+YYAdd.h */ = {isa = PBXFileReference; fileEncoding = 4; lastKnownFileType = sourcecode.c.h; path = "NSString+YYAdd.h"; sourceTree = "<group>"; };
		02B77268209ACADF00EAFEC0 /* UIView+YYAdd.m */ = {isa = PBXFileReference; fileEncoding = 4; lastKnownFileType = sourcecode.c.objc; path = "UIView+YYAdd.m"; sourceTree = "<group>"; };
		02B77269209ACADF00EAFEC0 /* YYPhotoGroupView.m */ = {isa = PBXFileReference; fileEncoding = 4; lastKnownFileType = sourcecode.c.objc; path = YYPhotoGroupView.m; sourceTree = "<group>"; };
		02B7726A209ACADF00EAFEC0 /* NSString+YYAdd.m */ = {isa = PBXFileReference; fileEncoding = 4; lastKnownFileType = sourcecode.c.objc; path = "NSString+YYAdd.m"; sourceTree = "<group>"; };
		02B7726B209ACADF00EAFEC0 /* UIImage+YYAdd.m */ = {isa = PBXFileReference; fileEncoding = 4; lastKnownFileType = sourcecode.c.objc; path = "UIImage+YYAdd.m"; sourceTree = "<group>"; };
		02B7726C209ACADF00EAFEC0 /* UIView+YYAdd.h */ = {isa = PBXFileReference; fileEncoding = 4; lastKnownFileType = sourcecode.c.h; path = "UIView+YYAdd.h"; sourceTree = "<group>"; };
/* End PBXFileReference section */

/* Begin PBXFrameworksBuildPhase section */
		02B77248209ACACE00EAFEC0 /* Frameworks */ = {
			isa = PBXFrameworksBuildPhase;
			buildActionMask = 2147483647;
			files = (
			);
			runOnlyForDeploymentPostprocessing = 0;
		};
/* End PBXFrameworksBuildPhase section */

/* Begin PBXGroup section */
		0233E69A20A0745500BD0B36 /* YYWebImage */ = {
			isa = PBXGroup;
			children = (
				0233E69B20A0745500BD0B36 /* YYImageCache.m */,
				0233E69C20A0745500BD0B36 /* Cache */,
				0233E6A520A0745500BD0B36 /* YYWebImageManager.m */,
				0233E6A620A0745500BD0B36 /* YYWebImageOperation.h */,
				0233E6A720A0745500BD0B36 /* Image */,
				0233E6B220A0745500BD0B36 /* YYImageCache.h */,
				0233E6B320A0745500BD0B36 /* YYWebImageManager.h */,
				0233E6B420A0745500BD0B36 /* Categories */,
				0233E6C120A0745500BD0B36 /* YYWebImage.h */,
				0233E6C220A0745500BD0B36 /* YYWebImageOperation.m */,
			);
			name = YYWebImage;
			path = "../../../../Downloads/YYWebImage-master 2/YYWebImage";
			sourceTree = "<group>";
		};
		0233E69C20A0745500BD0B36 /* Cache */ = {
			isa = PBXGroup;
			children = (
				0233E69D20A0745500BD0B36 /* YYDiskCache.m */,
				0233E69E20A0745500BD0B36 /* YYKVStorage.h */,
				0233E69F20A0745500BD0B36 /* YYCache.m */,
				0233E6A020A0745500BD0B36 /* YYMemoryCache.h */,
				0233E6A120A0745500BD0B36 /* YYDiskCache.h */,
				0233E6A220A0745500BD0B36 /* YYCache.h */,
				0233E6A320A0745500BD0B36 /* YYKVStorage.m */,
				0233E6A420A0745500BD0B36 /* YYMemoryCache.m */,
			);
			path = Cache;
			sourceTree = "<group>";
		};
		0233E6A720A0745500BD0B36 /* Image */ = {
			isa = PBXGroup;
			children = (
				0233E6A820A0745500BD0B36 /* YYImage.h */,
				0233E6A920A0745500BD0B36 /* YYImageCoder.h */,
				0233E6AA20A0745500BD0B36 /* YYFrameImage.h */,
				0233E6AB20A0745500BD0B36 /* YYSpriteSheetImage.m */,
				0233E6AC20A0745500BD0B36 /* YYAnimatedImageView.h */,
				0233E6AD20A0745500BD0B36 /* YYImage.m */,
				0233E6AE20A0745500BD0B36 /* YYImageCoder.m */,
				0233E6AF20A0745500BD0B36 /* YYFrameImage.m */,
				0233E6B020A0745500BD0B36 /* YYAnimatedImageView.m */,
				0233E6B120A0745500BD0B36 /* YYSpriteSheetImage.h */,
			);
			path = Image;
			sourceTree = "<group>";
		};
		0233E6B420A0745500BD0B36 /* Categories */ = {
			isa = PBXGroup;
			children = (
				0233E6B520A0745500BD0B36 /* _YYWebImageSetter.m */,
				0233E6B620A0745500BD0B36 /* UIButton+YYWebImage.h */,
				0233E6B720A0745500BD0B36 /* UIImageView+YYWebImage.h */,
				0233E6B820A0745500BD0B36 /* CALayer+YYWebImage.h */,
				0233E6B920A0745500BD0B36 /* UIImage+YYWebImage.h */,
				0233E6BA20A0745500BD0B36 /* MKAnnotationView+YYWebImage.h */,
				0233E6BB20A0745500BD0B36 /* _YYWebImageSetter.h */,
				0233E6BC20A0745500BD0B36 /* UIButton+YYWebImage.m */,
				0233E6BD20A0745500BD0B36 /* UIImageView+YYWebImage.m */,
				0233E6BE20A0745500BD0B36 /* MKAnnotationView+YYWebImage.m */,
				0233E6BF20A0745500BD0B36 /* UIImage+YYWebImage.m */,
				0233E6C020A0745500BD0B36 /* CALayer+YYWebImage.m */,
			);
			path = Categories;
			sourceTree = "<group>";
		};
		02B77242209ACACE00EAFEC0 = {
			isa = PBXGroup;
			children = (
				02B7724D209ACACE00EAFEC0 /* PhotoGroupView */,
				02B7724C209ACACE00EAFEC0 /* Products */,
			);
			sourceTree = "<group>";
		};
		02B7724C209ACACE00EAFEC0 /* Products */ = {
			isa = PBXGroup;
			children = (
				02B7724B209ACACE00EAFEC0 /* PhotoGroupView.app */,
			);
			name = Products;
			sourceTree = "<group>";
		};
		02B7724D209ACACE00EAFEC0 /* PhotoGroupView */ = {
			isa = PBXGroup;
			children = (
				0233E69A20A0745500BD0B36 /* YYWebImage */,
				02B77264209ACADF00EAFEC0 /* YYPhotoGroupView */,
				02B7724E209ACACE00EAFEC0 /* AppDelegate.h */,
				02B7724F209ACACE00EAFEC0 /* AppDelegate.m */,
				02B77251209ACACE00EAFEC0 /* ViewController.h */,
				02B77252209ACACE00EAFEC0 /* ViewController.m */,
				02B77254209ACACE00EAFEC0 /* Main.storyboard */,
				02B77257209ACACE00EAFEC0 /* Assets.xcassets */,
				02B77259209ACACE00EAFEC0 /* LaunchScreen.storyboard */,
				02B7725C209ACACE00EAFEC0 /* Info.plist */,
				02B7725D209ACACE00EAFEC0 /* main.m */,
			);
			path = PhotoGroupView;
			sourceTree = "<group>";
		};
		02B77264209ACADF00EAFEC0 /* YYPhotoGroupView */ = {
			isa = PBXGroup;
			children = (
				02B77265209ACADF00EAFEC0 /* YYPhotoGroupView.h */,
				02B77266209ACADF00EAFEC0 /* UIImage+YYAdd.h */,
				02B77267209ACADF00EAFEC0 /* NSString+YYAdd.h */,
				02B77268209ACADF00EAFEC0 /* UIView+YYAdd.m */,
				02B77269209ACADF00EAFEC0 /* YYPhotoGroupView.m */,
				02B7726A209ACADF00EAFEC0 /* NSString+YYAdd.m */,
				02B7726B209ACADF00EAFEC0 /* UIImage+YYAdd.m */,
				02B7726C209ACADF00EAFEC0 /* UIView+YYAdd.h */,
			);
			path = YYPhotoGroupView;
			sourceTree = "<group>";
		};
/* End PBXGroup section */

/* Begin PBXNativeTarget section */
		02B7724A209ACACE00EAFEC0 /* PhotoGroupView */ = {
			isa = PBXNativeTarget;
			buildConfigurationList = 02B77261209ACACE00EAFEC0 /* Build configuration list for PBXNativeTarget "PhotoGroupView" */;
			buildPhases = (
				02B77247209ACACE00EAFEC0 /* Sources */,
				02B77248209ACACE00EAFEC0 /* Frameworks */,
				02B77249209ACACE00EAFEC0 /* Resources */,
			);
			buildRules = (
			);
			dependencies = (
			);
			name = PhotoGroupView;
			productName = PhotoGroupView;
			productReference = 02B7724B209ACACE00EAFEC0 /* PhotoGroupView.app */;
			productType = "com.apple.product-type.application";
		};
/* End PBXNativeTarget section */

/* Begin PBXProject section */
		02B77243209ACACE00EAFEC0 /* Project object */ = {
			isa = PBXProject;
			attributes = {
				LastUpgradeCheck = 0930;
				ORGANIZATIONNAME = "ZhiHua Shen";
				TargetAttributes = {
					02B7724A209ACACE00EAFEC0 = {
						CreatedOnToolsVersion = 9.3;
					};
				};
			};
			buildConfigurationList = 02B77246209ACACE00EAFEC0 /* Build configuration list for PBXProject "PhotoGroupView" */;
			compatibilityVersion = "Xcode 9.3";
			developmentRegion = en;
			hasScannedForEncodings = 0;
			knownRegions = (
				en,
				Base,
			);
			mainGroup = 02B77242209ACACE00EAFEC0;
			productRefGroup = 02B7724C209ACACE00EAFEC0 /* Products */;
			projectDirPath = "";
			projectRoot = "";
			targets = (
				02B7724A209ACACE00EAFEC0 /* PhotoGroupView */,
			);
		};
/* End PBXProject section */

/* Begin PBXResourcesBuildPhase section */
		02B77249209ACACE00EAFEC0 /* Resources */ = {
			isa = PBXResourcesBuildPhase;
			buildActionMask = 2147483647;
			files = (
				02B7725B209ACACE00EAFEC0 /* LaunchScreen.storyboard in Resources */,
				02B77258209ACACE00EAFEC0 /* Assets.xcassets in Resources */,
				02B77256209ACACE00EAFEC0 /* Main.storyboard in Resources */,
			);
			runOnlyForDeploymentPostprocessing = 0;
		};
/* End PBXResourcesBuildPhase section */

/* Begin PBXSourcesBuildPhase section */
		02B77247209ACACE00EAFEC0 /* Sources */ = {
			isa = PBXSourcesBuildPhase;
			buildActionMask = 2147483647;
			files = (
				02B7726E209ACADF00EAFEC0 /* YYPhotoGroupView.m in Sources */,
				0233E6CC20A0745500BD0B36 /* YYFrameImage.m in Sources */,
				0233E6C720A0745500BD0B36 /* YYMemoryCache.m in Sources */,
				0233E6CE20A0745500BD0B36 /* _YYWebImageSetter.m in Sources */,
				0233E6CD20A0745500BD0B36 /* YYAnimatedImageView.m in Sources */,
				02B77270209ACADF00EAFEC0 /* UIImage+YYAdd.m in Sources */,
				0233E6D120A0745500BD0B36 /* MKAnnotationView+YYWebImage.m in Sources */,
				0233E6C320A0745500BD0B36 /* YYImageCache.m in Sources */,
				0233E6C420A0745500BD0B36 /* YYDiskCache.m in Sources */,
				0233E6CF20A0745500BD0B36 /* UIButton+YYWebImage.m in Sources */,
				0233E6C520A0745500BD0B36 /* YYCache.m in Sources */,
				0233E6C820A0745500BD0B36 /* YYWebImageManager.m in Sources */,
				0233E6D220A0745500BD0B36 /* UIImage+YYWebImage.m in Sources */,
				0233E6D420A0745500BD0B36 /* YYWebImageOperation.m in Sources */,
				02B7726D209ACADF00EAFEC0 /* UIView+YYAdd.m in Sources */,
				0233E6D320A0745500BD0B36 /* CALayer+YYWebImage.m in Sources */,
				0233E6C920A0745500BD0B36 /* YYSpriteSheetImage.m in Sources */,
				02B77253209ACACE00EAFEC0 /* ViewController.m in Sources */,
				02B7725E209ACACE00EAFEC0 /* main.m in Sources */,
				0233E6CB20A0745500BD0B36 /* YYImageCoder.m in Sources */,
				02B77250209ACACE00EAFEC0 /* AppDelegate.m in Sources */,
				0233E6C620A0745500BD0B36 /* YYKVStorage.m in Sources */,
				02B7726F209ACADF00EAFEC0 /* NSString+YYAdd.m in Sources */,
				0233E6D020A0745500BD0B36 /* UIImageView+YYWebImage.m in Sources */,
				0233E6CA20A0745500BD0B36 /* YYImage.m in Sources */,
			);
			runOnlyForDeploymentPostprocessing = 0;
		};
/* End PBXSourcesBuildPhase section */

/* Begin PBXVariantGroup section */
		02B77254209ACACE00EAFEC0 /* Main.storyboard */ = {
			isa = PBXVariantGroup;
			children = (
				02B77255209ACACE00EAFEC0 /* Base */,
			);
			name = Main.storyboard;
			sourceTree = "<group>";
		};
		02B77259209ACACE00EAFEC0 /* LaunchScreen.storyboard */ = {
			isa = PBXVariantGroup;
			children = (
				02B7725A209ACACE00EAFEC0 /* Base */,
			);
			name = LaunchScreen.storyboard;
			sourceTree = "<group>";
		};
/* End PBXVariantGroup section */

/* Begin XCBuildConfiguration section */
		02B7725F209ACACE00EAFEC0 /* Debug */ = {
			isa = XCBuildConfiguration;
			buildSettings = {
				ALWAYS_SEARCH_USER_PATHS = NO;
				CLANG_ANALYZER_NONNULL = YES;
				CLANG_ANALYZER_NUMBER_OBJECT_CONVERSION = YES_AGGRESSIVE;
				CLANG_CXX_LANGUAGE_STANDARD = "gnu++14";
				CLANG_CXX_LIBRARY = "libc++";
				CLANG_ENABLE_MODULES = YES;
				CLANG_ENABLE_OBJC_ARC = YES;
				CLANG_ENABLE_OBJC_WEAK = YES;
				CLANG_WARN_BLOCK_CAPTURE_AUTORELEASING = YES;
				CLANG_WARN_BOOL_CONVERSION = YES;
				CLANG_WARN_COMMA = YES;
				CLANG_WARN_CONSTANT_CONVERSION = YES;
				CLANG_WARN_DEPRECATED_OBJC_IMPLEMENTATIONS = YES;
				CLANG_WARN_DIRECT_OBJC_ISA_USAGE = YES_ERROR;
				CLANG_WARN_DOCUMENTATION_COMMENTS = YES;
				CLANG_WARN_EMPTY_BODY = YES;
				CLANG_WARN_ENUM_CONVERSION = YES;
				CLANG_WARN_INFINITE_RECURSION = YES;
				CLANG_WARN_INT_CONVERSION = YES;
				CLANG_WARN_NON_LITERAL_NULL_CONVERSION = YES;
				CLANG_WARN_OBJC_IMPLICIT_RETAIN_SELF = YES;
				CLANG_WARN_OBJC_LITERAL_CONVERSION = YES;
				CLANG_WARN_OBJC_ROOT_CLASS = YES_ERROR;
				CLANG_WARN_RANGE_LOOP_ANALYSIS = YES;
				CLANG_WARN_STRICT_PROTOTYPES = YES;
				CLANG_WARN_SUSPICIOUS_MOVE = YES;
				CLANG_WARN_UNGUARDED_AVAILABILITY = YES_AGGRESSIVE;
				CLANG_WARN_UNREACHABLE_CODE = YES;
				CLANG_WARN__DUPLICATE_METHOD_MATCH = YES;
				CODE_SIGN_IDENTITY = "iPhone Developer";
				COPY_PHASE_STRIP = NO;
				DEBUG_INFORMATION_FORMAT = dwarf;
				ENABLE_STRICT_OBJC_MSGSEND = YES;
				ENABLE_TESTABILITY = YES;
				GCC_C_LANGUAGE_STANDARD = gnu11;
				GCC_DYNAMIC_NO_PIC = NO;
				GCC_NO_COMMON_BLOCKS = YES;
				GCC_OPTIMIZATION_LEVEL = 0;
				GCC_PREPROCESSOR_DEFINITIONS = (
					"DEBUG=1",
					"$(inherited)",
				);
				GCC_WARN_64_TO_32_BIT_CONVERSION = YES;
				GCC_WARN_ABOUT_RETURN_TYPE = YES_ERROR;
				GCC_WARN_UNDECLARED_SELECTOR = YES;
				GCC_WARN_UNINITIALIZED_AUTOS = YES_AGGRESSIVE;
				GCC_WARN_UNUSED_FUNCTION = YES;
				GCC_WARN_UNUSED_VARIABLE = YES;
				IPHONEOS_DEPLOYMENT_TARGET = 11.3;
				MTL_ENABLE_DEBUG_INFO = YES;
				ONLY_ACTIVE_ARCH = YES;
				SDKROOT = iphoneos;
			};
			name = Debug;
		};
		02B77260209ACACE00EAFEC0 /* Release */ = {
			isa = XCBuildConfiguration;
			buildSettings = {
				ALWAYS_SEARCH_USER_PATHS = NO;
				CLANG_ANALYZER_NONNULL = YES;
				CLANG_ANALYZER_NUMBER_OBJECT_CONVERSION = YES_AGGRESSIVE;
				CLANG_CXX_LANGUAGE_STANDARD = "gnu++14";
				CLANG_CXX_LIBRARY = "libc++";
				CLANG_ENABLE_MODULES = YES;
				CLANG_ENABLE_OBJC_ARC = YES;
				CLANG_ENABLE_OBJC_WEAK = YES;
				CLANG_WARN_BLOCK_CAPTURE_AUTORELEASING = YES;
				CLANG_WARN_BOOL_CONVERSION = YES;
				CLANG_WARN_COMMA = YES;
				CLANG_WARN_CONSTANT_CONVERSION = YES;
				CLANG_WARN_DEPRECATED_OBJC_IMPLEMENTATIONS = YES;
				CLANG_WARN_DIRECT_OBJC_ISA_USAGE = YES_ERROR;
				CLANG_WARN_DOCUMENTATION_COMMENTS = YES;
				CLANG_WARN_EMPTY_BODY = YES;
				CLANG_WARN_ENUM_CONVERSION = YES;
				CLANG_WARN_INFINITE_RECURSION = YES;
				CLANG_WARN_INT_CONVERSION = YES;
				CLANG_WARN_NON_LITERAL_NULL_CONVERSION = YES;
				CLANG_WARN_OBJC_IMPLICIT_RETAIN_SELF = YES;
				CLANG_WARN_OBJC_LITERAL_CONVERSION = YES;
				CLANG_WARN_OBJC_ROOT_CLASS = YES_ERROR;
				CLANG_WARN_RANGE_LOOP_ANALYSIS = YES;
				CLANG_WARN_STRICT_PROTOTYPES = YES;
				CLANG_WARN_SUSPICIOUS_MOVE = YES;
				CLANG_WARN_UNGUARDED_AVAILABILITY = YES_AGGRESSIVE;
				CLANG_WARN_UNREACHABLE_CODE = YES;
				CLANG_WARN__DUPLICATE_METHOD_MATCH = YES;
				CODE_SIGN_IDENTITY = "iPhone Developer";
				COPY_PHASE_STRIP = NO;
				DEBUG_INFORMATION_FORMAT = "dwarf-with-dsym";
				ENABLE_NS_ASSERTIONS = NO;
				ENABLE_STRICT_OBJC_MSGSEND = YES;
				GCC_C_LANGUAGE_STANDARD = gnu11;
				GCC_NO_COMMON_BLOCKS = YES;
				GCC_WARN_64_TO_32_BIT_CONVERSION = YES;
				GCC_WARN_ABOUT_RETURN_TYPE = YES_ERROR;
				GCC_WARN_UNDECLARED_SELECTOR = YES;
				GCC_WARN_UNINITIALIZED_AUTOS = YES_AGGRESSIVE;
				GCC_WARN_UNUSED_FUNCTION = YES;
				GCC_WARN_UNUSED_VARIABLE = YES;
				IPHONEOS_DEPLOYMENT_TARGET = 11.3;
				MTL_ENABLE_DEBUG_INFO = NO;
				SDKROOT = iphoneos;
				VALIDATE_PRODUCT = YES;
			};
			name = Release;
		};
		02B77262209ACACE00EAFEC0 /* Debug */ = {
			isa = XCBuildConfiguration;
			buildSettings = {
				ASSETCATALOG_COMPILER_APPICON_NAME = AppIcon;
				CODE_SIGN_STYLE = Automatic;
				DEVELOPMENT_TEAM = S2PRN5RUXV;
				INFOPLIST_FILE = PhotoGroupView/Info.plist;
				LD_RUNPATH_SEARCH_PATHS = (
					"$(inherited)",
					"@executable_path/Frameworks",
				);
				PRODUCT_BUNDLE_IDENTIFIER = com.xolo.PhotoGroupView;
				PRODUCT_NAME = "$(TARGET_NAME)";
				TARGETED_DEVICE_FAMILY = "1,2";
			};
			name = Debug;
		};
		02B77263209ACACE00EAFEC0 /* Release */ = {
			isa = XCBuildConfiguration;
			buildSettings = {
				ASSETCATALOG_COMPILER_APPICON_NAME = AppIcon;
				CODE_SIGN_STYLE = Automatic;
				DEVELOPMENT_TEAM = S2PRN5RUXV;
				INFOPLIST_FILE = PhotoGroupView/Info.plist;
				LD_RUNPATH_SEARCH_PATHS = (
					"$(inherited)",
					"@executable_path/Frameworks",
				);
				PRODUCT_BUNDLE_IDENTIFIER = com.xolo.PhotoGroupView;
				PRODUCT_NAME = "$(TARGET_NAME)";
				TARGETED_DEVICE_FAMILY = "1,2";
			};
			name = Release;
		};
/* End XCBuildConfiguration section */

/* Begin XCConfigurationList section */
		02B77246209ACACE00EAFEC0 /* Build configuration list for PBXProject "PhotoGroupView" */ = {
			isa = XCConfigurationList;
			buildConfigurations = (
				02B7725F209ACACE00EAFEC0 /* Debug */,
				02B77260209ACACE00EAFEC0 /* Release */,
			);
			defaultConfigurationIsVisible = 0;
			defaultConfigurationName = Release;
		};
		02B77261209ACACE00EAFEC0 /* Build configuration list for PBXNativeTarget "PhotoGroupView" */ = {
			isa = XCConfigurationList;
			buildConfigurations = (
				02B77262209ACACE00EAFEC0 /* Debug */,
				02B77263209ACACE00EAFEC0 /* Release */,
			);
			defaultConfigurationIsVisible = 0;
			defaultConfigurationName = Release;
		};
/* End XCConfigurationList section */
	};
	rootObject = 02B77243209ACACE00EAFEC0 /* Project object */;
}
